PODS:
  - Alamofire (5.5.0)
  - Kingfisher (7.1.2)
  - Realm (10.20.1):
    - Realm/Headers (= 10.20.1)
  - Realm/Headers (10.20.1)
  - RealmSwift (10.20.1):
    - Realm (= 10.20.1)
  - RxBlocking (6.2.0):
    - RxSwift (= 6.2.0)
  - RxCocoa (6.2.0):
    - RxRelay (= 6.2.0)
    - RxSwift (= 6.2.0)
  - RxRelay (6.2.0):
    - RxSwift (= 6.2.0)
  - RxSwift (6.2.0)
  - RxTest (6.2.0):
    - RxSwift (= 6.2.0)

DEPENDENCIES:
  - Alamofire (~> 5.5)
  - Kingfisher (~> 7.0)
  - RealmSwift
  - RxBlocking (= 6.2.0)
  - RxCocoa (= 6.2.0)
  - RxSwift (= 6.2.0)
  - RxTest (= 6.2.0)

SPEC REPOS:
  trunk:
    - Alamofire
    - Kingfisher
    - Realm
    - RealmSwift
    - RxBlocking
    - RxCocoa
    - RxRelay
    - RxSwift
    - RxTest

SPEC CHECKSUMS:
  Alamofire: 1c4fb5369c3fe93d2857c780d8bbe09f06f97e7c
  Kingfisher: 44ed6a8504763f27bab46163adfac83f5deb240c
  Realm: fac5ecd031fcb81171627b74944c885662d4b266
  RealmSwift: 9b02d25acb46a14756bde9893abb99e2e3675923
  RxBlocking: 0b29f7d2079109a8de49c411381bed7c33ef1eeb
  RxCocoa: 4baf94bb35f2c0ab31bc0cb9f1900155f646ba42
  RxRelay: e72dbfd157807478401ef1982e1c61c945c94b2f
  RxSwift: d356ab7bee873611322f134c5f9ef379fa183d8f
  RxTest: 0c692fa672b694373ba86d2b00033595297a2831

PODFILE CHECKSUM: d9ac6f38d69f2fdd0598697c936c28b7a36feb47

COCOAPODS: 1.11.2
