// !$*UTF8*$!
{
	archiveVersion = 1;
	classes = {
	};
	objectVersion = 55;
	objects = {

/* Begin PBXBuildFile section */
		205BFA4AE4BC23C834D933EB /* Pods_GoodChoiceProject_GoodChoiceProjectUITests.framework in Frameworks */ = {isa = PBXBuildFile; fileRef = 42A7F88200168DFFEB273ED0 /* Pods_GoodChoiceProject_GoodChoiceProjectUITests.framework */; };
		5E299FE1278BAE760063021A /* AppDelegate.swift in Sources */ = {isa = PBXBuildFile; fileRef = 5E299FE0278BAE760063021A /* AppDelegate.swift */; };
		5E299FE3278BAE760063021A /* SceneDelegate.swift in Sources */ = {isa = PBXBuildFile; fileRef = 5E299FE2278BAE760063021A /* SceneDelegate.swift */; };
		5E299FE8278BAE760063021A /* Main.storyboard in Resources */ = {isa = PBXBuildFile; fileRef = 5E299FE6278BAE760063021A /* Main.storyboard */; };
		5E299FEA278BAE780063021A /* Assets.xcassets in Resources */ = {isa = PBXBuildFile; fileRef = 5E299FE9278BAE780063021A /* Assets.xcassets */; };
		5E299FED278BAE780063021A /* LaunchScreen.storyboard in Resources */ = {isa = PBXBuildFile; fileRef = 5E299FEB278BAE780063021A /* LaunchScreen.storyboard */; };
		5E299FF8278BAE790063021A /* GoodChoiceProjectTests.swift in Sources */ = {isa = PBXBuildFile; fileRef = 5E299FF7278BAE790063021A /* GoodChoiceProjectTests.swift */; };
		5E29A002278BAE790063021A /* GoodChoiceProjectUITests.swift in Sources */ = {isa = PBXBuildFile; fileRef = 5E29A001278BAE790063021A /* GoodChoiceProjectUITests.swift */; };
		5E29A004278BAE790063021A /* GoodChoiceProjectUITestsLaunchTests.swift in Sources */ = {isa = PBXBuildFile; fileRef = 5E29A003278BAE790063021A /* GoodChoiceProjectUITestsLaunchTests.swift */; };
		5E29A030278BB10B0063021A /* Bookmarkable.swift in Sources */ = {isa = PBXBuildFile; fileRef = 5E29A013278BB10B0063021A /* Bookmarkable.swift */; };
		5E29A031278BB10B0063021A /* BookmarkManager.swift in Sources */ = {isa = PBXBuildFile; fileRef = 5E29A014278BB10B0063021A /* BookmarkManager.swift */; };
		5E29A032278BB10B0063021A /* HotelDetailViewController.swift in Sources */ = {isa = PBXBuildFile; fileRef = 5E29A019278BB10B0063021A /* HotelDetailViewController.swift */; };
		5E29A033278BB10B0063021A /* HotelDetailViewController.xib in Resources */ = {isa = PBXBuildFile; fileRef = 5E29A01A278BB10B0063021A /* HotelDetailViewController.xib */; };
		5E29A034278BB10B0063021A /* PropertyListViewModel.swift in Sources */ = {isa = PBXBuildFile; fileRef = 5E29A01D278BB10B0063021A /* PropertyListViewModel.swift */; };
		5E29A035278BB10B0063021A /* Accommodation.swift in Sources */ = {isa = PBXBuildFile; fileRef = 5E29A01F278BB10B0063021A /* Accommodation.swift */; };
		5E29A036278BB10B0063021A /* Hotel.swift in Sources */ = {isa = PBXBuildFile; fileRef = 5E29A020278BB10B0063021A /* Hotel.swift */; };
		5E29A037278BB10B0063021A /* AccommodationListViewController.swift in Sources */ = {isa = PBXBuildFile; fileRef = 5E29A022278BB10B0063021A /* AccommodationListViewController.swift */; };
		5E29A038278BB10B0063021A /* HotelPropertyListTableViewCell.swift in Sources */ = {isa = PBXBuildFile; fileRef = 5E29A023278BB10B0063021A /* HotelPropertyListTableViewCell.swift */; };
		5E29A039278BB10B0063021A /* HotelPropertyListTableViewCell.xib in Resources */ = {isa = PBXBuildFile; fileRef = 5E29A024278BB10B0063021A /* HotelPropertyListTableViewCell.xib */; };
		5E29A03B278BB10B0063021A /* BookmarkListViewModel.swift in Sources */ = {isa = PBXBuildFile; fileRef = 5E29A028278BB10B0063021A /* BookmarkListViewModel.swift */; };
		5E29A03C278BB10B0063021A /* HotelBookmark.swift in Sources */ = {isa = PBXBuildFile; fileRef = 5E29A02A278BB10B0063021A /* HotelBookmark.swift */; };
		5E29A03D278BB10B0063021A /* Bookmark.swift in Sources */ = {isa = PBXBuildFile; fileRef = 5E29A02B278BB10B0063021A /* Bookmark.swift */; };
		5E29A03E278BB10B0063021A /* HotelBookmarkTableViewCell.swift in Sources */ = {isa = PBXBuildFile; fileRef = 5E29A02D278BB10B0063021A /* HotelBookmarkTableViewCell.swift */; };
		5E29A03F278BB10B0063021A /* BookmarkListViewController.swift in Sources */ = {isa = PBXBuildFile; fileRef = 5E29A02E278BB10B0063021A /* BookmarkListViewController.swift */; };
		5E29A040278BB10B0063021A /* HotelBookmarkTableViewCell.xib in Resources */ = {isa = PBXBuildFile; fileRef = 5E29A02F278BB10B0063021A /* HotelBookmarkTableViewCell.xib */; };
		5E89FF4D278D443D00E02D4E /* PropertyViewModel.swift in Sources */ = {isa = PBXBuildFile; fileRef = 5E89FF4C278D443D00E02D4E /* PropertyViewModel.swift */; };
		5E89FF50278D6A9300E02D4E /* Hotel+Bookmarkable.swift in Sources */ = {isa = PBXBuildFile; fileRef = 5E89FF4F278D6A9300E02D4E /* Hotel+Bookmarkable.swift */; };
		5E89FF52278D6B1000E02D4E /* URL+Util.swift in Sources */ = {isa = PBXBuildFile; fileRef = 5E89FF51278D6B1000E02D4E /* URL+Util.swift */; };
		B33701F458D84120CAD625F3 /* Pods_GoodChoiceProjectTests.framework in Frameworks */ = {isa = PBXBuildFile; fileRef = 169691224B026515202286C0 /* Pods_GoodChoiceProjectTests.framework */; };
		BC17EE8DC580E344C543E74F /* Pods_GoodChoiceProject.framework in Frameworks */ = {isa = PBXBuildFile; fileRef = B7BB159E8A22DAF780469B8A /* Pods_GoodChoiceProject.framework */; };
/* End PBXBuildFile section */

/* Begin PBXContainerItemProxy section */
		5E299FF4278BAE790063021A /* PBXContainerItemProxy */ = {
			isa = PBXContainerItemProxy;
			containerPortal = 5E299FD5278BAE760063021A /* Project object */;
			proxyType = 1;
			remoteGlobalIDString = 5E299FDC278BAE760063021A;
			remoteInfo = GoodChoiceProject;
		};
		5E299FFE278BAE790063021A /* PBXContainerItemProxy */ = {
			isa = PBXContainerItemProxy;
			containerPortal = 5E299FD5278BAE760063021A /* Project object */;
			proxyType = 1;
			remoteGlobalIDString = 5E299FDC278BAE760063021A;
			remoteInfo = GoodChoiceProject;
		};
/* End PBXContainerItemProxy section */

/* Begin PBXFileReference section */
		0A1D48E01088475C1E21D2E6 /* Pods-GoodChoiceProjectTests.debug.xcconfig */ = {isa = PBXFileReference; includeInIndex = 1; lastKnownFileType = text.xcconfig; name = "Pods-GoodChoiceProjectTests.debug.xcconfig"; path = "Target Support Files/Pods-GoodChoiceProjectTests/Pods-GoodChoiceProjectTests.debug.xcconfig"; sourceTree = "<group>"; };
		169691224B026515202286C0 /* Pods_GoodChoiceProjectTests.framework */ = {isa = PBXFileReference; explicitFileType = wrapper.framework; includeInIndex = 0; path = Pods_GoodChoiceProjectTests.framework; sourceTree = BUILT_PRODUCTS_DIR; };
		42A7F88200168DFFEB273ED0 /* Pods_GoodChoiceProject_GoodChoiceProjectUITests.framework */ = {isa = PBXFileReference; explicitFileType = wrapper.framework; includeInIndex = 0; path = Pods_GoodChoiceProject_GoodChoiceProjectUITests.framework; sourceTree = BUILT_PRODUCTS_DIR; };
		5E299FDD278BAE760063021A /* GoodChoiceProject.app */ = {isa = PBXFileReference; explicitFileType = wrapper.application; includeInIndex = 0; path = GoodChoiceProject.app; sourceTree = BUILT_PRODUCTS_DIR; };
		5E299FE0278BAE760063021A /* AppDelegate.swift */ = {isa = PBXFileReference; lastKnownFileType = sourcecode.swift; path = AppDelegate.swift; sourceTree = "<group>"; };
		5E299FE2278BAE760063021A /* SceneDelegate.swift */ = {isa = PBXFileReference; lastKnownFileType = sourcecode.swift; path = SceneDelegate.swift; sourceTree = "<group>"; };
		5E299FE7278BAE760063021A /* Base */ = {isa = PBXFileReference; lastKnownFileType = file.storyboard; name = Base; path = Base.lproj/Main.storyboard; sourceTree = "<group>"; };
		5E299FE9278BAE780063021A /* Assets.xcassets */ = {isa = PBXFileReference; lastKnownFileType = folder.assetcatalog; path = Assets.xcassets; sourceTree = "<group>"; };
		5E299FEC278BAE780063021A /* Base */ = {isa = PBXFileReference; lastKnownFileType = file.storyboard; name = Base; path = Base.lproj/LaunchScreen.storyboard; sourceTree = "<group>"; };
		5E299FEE278BAE780063021A /* Info.plist */ = {isa = PBXFileReference; lastKnownFileType = text.plist.xml; path = Info.plist; sourceTree = "<group>"; };
		5E299FF3278BAE790063021A /* GoodChoiceProjectTests.xctest */ = {isa = PBXFileReference; explicitFileType = wrapper.cfbundle; includeInIndex = 0; path = GoodChoiceProjectTests.xctest; sourceTree = BUILT_PRODUCTS_DIR; };
		5E299FF7278BAE790063021A /* GoodChoiceProjectTests.swift */ = {isa = PBXFileReference; lastKnownFileType = sourcecode.swift; path = GoodChoiceProjectTests.swift; sourceTree = "<group>"; };
		5E299FFD278BAE790063021A /* GoodChoiceProjectUITests.xctest */ = {isa = PBXFileReference; explicitFileType = wrapper.cfbundle; includeInIndex = 0; path = GoodChoiceProjectUITests.xctest; sourceTree = BUILT_PRODUCTS_DIR; };
		5E29A001278BAE790063021A /* GoodChoiceProjectUITests.swift */ = {isa = PBXFileReference; lastKnownFileType = sourcecode.swift; path = GoodChoiceProjectUITests.swift; sourceTree = "<group>"; };
		5E29A003278BAE790063021A /* GoodChoiceProjectUITestsLaunchTests.swift */ = {isa = PBXFileReference; lastKnownFileType = sourcecode.swift; path = GoodChoiceProjectUITestsLaunchTests.swift; sourceTree = "<group>"; };
		5E29A013278BB10B0063021A /* Bookmarkable.swift */ = {isa = PBXFileReference; fileEncoding = 4; lastKnownFileType = sourcecode.swift; path = Bookmarkable.swift; sourceTree = "<group>"; };
		5E29A014278BB10B0063021A /* BookmarkManager.swift */ = {isa = PBXFileReference; fileEncoding = 4; lastKnownFileType = sourcecode.swift; path = BookmarkManager.swift; sourceTree = "<group>"; };
		5E29A019278BB10B0063021A /* HotelDetailViewController.swift */ = {isa = PBXFileReference; fileEncoding = 4; lastKnownFileType = sourcecode.swift; path = HotelDetailViewController.swift; sourceTree = "<group>"; };
		5E29A01A278BB10B0063021A /* HotelDetailViewController.xib */ = {isa = PBXFileReference; fileEncoding = 4; lastKnownFileType = file.xib; path = HotelDetailViewController.xib; sourceTree = "<group>"; };
		5E29A01D278BB10B0063021A /* PropertyListViewModel.swift */ = {isa = PBXFileReference; fileEncoding = 4; lastKnownFileType = sourcecode.swift; path = PropertyListViewModel.swift; sourceTree = "<group>"; };
		5E29A01F278BB10B0063021A /* Accommodation.swift */ = {isa = PBXFileReference; fileEncoding = 4; lastKnownFileType = sourcecode.swift; path = Accommodation.swift; sourceTree = "<group>"; };
		5E29A020278BB10B0063021A /* Hotel.swift */ = {isa = PBXFileReference; fileEncoding = 4; lastKnownFileType = sourcecode.swift; path = Hotel.swift; sourceTree = "<group>"; };
		5E29A022278BB10B0063021A /* AccommodationListViewController.swift */ = {isa = PBXFileReference; fileEncoding = 4; lastKnownFileType = sourcecode.swift; path = AccommodationListViewController.swift; sourceTree = "<group>"; };
		5E29A023278BB10B0063021A /* HotelPropertyListTableViewCell.swift */ = {isa = PBXFileReference; fileEncoding = 4; lastKnownFileType = sourcecode.swift; path = HotelPropertyListTableViewCell.swift; sourceTree = "<group>"; };
		5E29A024278BB10B0063021A /* HotelPropertyListTableViewCell.xib */ = {isa = PBXFileReference; fileEncoding = 4; lastKnownFileType = file.xib; path = HotelPropertyListTableViewCell.xib; sourceTree = "<group>"; };
		5E29A028278BB10B0063021A /* BookmarkListViewModel.swift */ = {isa = PBXFileReference; fileEncoding = 4; lastKnownFileType = sourcecode.swift; path = BookmarkListViewModel.swift; sourceTree = "<group>"; };
		5E29A02A278BB10B0063021A /* HotelBookmark.swift */ = {isa = PBXFileReference; fileEncoding = 4; lastKnownFileType = sourcecode.swift; path = HotelBookmark.swift; sourceTree = "<group>"; };
		5E29A02B278BB10B0063021A /* Bookmark.swift */ = {isa = PBXFileReference; fileEncoding = 4; lastKnownFileType = sourcecode.swift; path = Bookmark.swift; sourceTree = "<group>"; };
		5E29A02D278BB10B0063021A /* HotelBookmarkTableViewCell.swift */ = {isa = PBXFileReference; fileEncoding = 4; lastKnownFileType = sourcecode.swift; path = HotelBookmarkTableViewCell.swift; sourceTree = "<group>"; };
		5E29A02E278BB10B0063021A /* BookmarkListViewController.swift */ = {isa = PBXFileReference; fileEncoding = 4; lastKnownFileType = sourcecode.swift; path = BookmarkListViewController.swift; sourceTree = "<group>"; };
		5E29A02F278BB10B0063021A /* HotelBookmarkTableViewCell.xib */ = {isa = PBXFileReference; fileEncoding = 4; lastKnownFileType = file.xib; path = HotelBookmarkTableViewCell.xib; sourceTree = "<group>"; };
		5E89FF4C278D443D00E02D4E /* PropertyViewModel.swift */ = {isa = PBXFileReference; lastKnownFileType = sourcecode.swift; path = PropertyViewModel.swift; sourceTree = "<group>"; };
		5E89FF4F278D6A9300E02D4E /* Hotel+Bookmarkable.swift */ = {isa = PBXFileReference; lastKnownFileType = sourcecode.swift; path = "Hotel+Bookmarkable.swift"; sourceTree = "<group>"; };
		5E89FF51278D6B1000E02D4E /* URL+Util.swift */ = {isa = PBXFileReference; lastKnownFileType = sourcecode.swift; path = "URL+Util.swift"; sourceTree = "<group>"; };
		650B7F9A93BA5448F6598243 /* Pods-GoodChoiceProjectTests.release.xcconfig */ = {isa = PBXFileReference; includeInIndex = 1; lastKnownFileType = text.xcconfig; name = "Pods-GoodChoiceProjectTests.release.xcconfig"; path = "Target Support Files/Pods-GoodChoiceProjectTests/Pods-GoodChoiceProjectTests.release.xcconfig"; sourceTree = "<group>"; };
		B7BB159E8A22DAF780469B8A /* Pods_GoodChoiceProject.framework */ = {isa = PBXFileReference; explicitFileType = wrapper.framework; includeInIndex = 0; path = Pods_GoodChoiceProject.framework; sourceTree = BUILT_PRODUCTS_DIR; };
		B93BE9EFABB7B8045D8DF201 /* Pods-GoodChoiceProject.release.xcconfig */ = {isa = PBXFileReference; includeInIndex = 1; lastKnownFileType = text.xcconfig; name = "Pods-GoodChoiceProject.release.xcconfig"; path = "Target Support Files/Pods-GoodChoiceProject/Pods-GoodChoiceProject.release.xcconfig"; sourceTree = "<group>"; };
		CE68E2D9358C529B784D53F4 /* Pods-GoodChoiceProject.debug.xcconfig */ = {isa = PBXFileReference; includeInIndex = 1; lastKnownFileType = text.xcconfig; name = "Pods-GoodChoiceProject.debug.xcconfig"; path = "Target Support Files/Pods-GoodChoiceProject/Pods-GoodChoiceProject.debug.xcconfig"; sourceTree = "<group>"; };
		E0FBCCB31AFAFA66BE617B45 /* Pods-GoodChoiceProject-GoodChoiceProjectUITests.debug.xcconfig */ = {isa = PBXFileReference; includeInIndex = 1; lastKnownFileType = text.xcconfig; name = "Pods-GoodChoiceProject-GoodChoiceProjectUITests.debug.xcconfig"; path = "Target Support Files/Pods-GoodChoiceProject-GoodChoiceProjectUITests/Pods-GoodChoiceProject-GoodChoiceProjectUITests.debug.xcconfig"; sourceTree = "<group>"; };
		E9C47D177C747459349A067D /* Pods-GoodChoiceProject-GoodChoiceProjectUITests.release.xcconfig */ = {isa = PBXFileReference; includeInIndex = 1; lastKnownFileType = text.xcconfig; name = "Pods-GoodChoiceProject-GoodChoiceProjectUITests.release.xcconfig"; path = "Target Support Files/Pods-GoodChoiceProject-GoodChoiceProjectUITests/Pods-GoodChoiceProject-GoodChoiceProjectUITests.release.xcconfig"; sourceTree = "<group>"; };
/* End PBXFileReference section */

/* Begin PBXFrameworksBuildPhase section */
		5E299FDA278BAE760063021A /* Frameworks */ = {
			isa = PBXFrameworksBuildPhase;
			buildActionMask = 2147483647;
			files = (
				BC17EE8DC580E344C543E74F /* Pods_GoodChoiceProject.framework in Frameworks */,
			);
			runOnlyForDeploymentPostprocessing = 0;
		};
		5E299FF0278BAE790063021A /* Frameworks */ = {
			isa = PBXFrameworksBuildPhase;
			buildActionMask = 2147483647;
			files = (
				B33701F458D84120CAD625F3 /* Pods_GoodChoiceProjectTests.framework in Frameworks */,
			);
			runOnlyForDeploymentPostprocessing = 0;
		};
		5E299FFA278BAE790063021A /* Frameworks */ = {
			isa = PBXFrameworksBuildPhase;
			buildActionMask = 2147483647;
			files = (
				205BFA4AE4BC23C834D933EB /* Pods_GoodChoiceProject_GoodChoiceProjectUITests.framework in Frameworks */,
			);
			runOnlyForDeploymentPostprocessing = 0;
		};
/* End PBXFrameworksBuildPhase section */

/* Begin PBXGroup section */
		012F3D6FDE231C30E4A02383 /* Pods */ = {
			isa = PBXGroup;
			children = (
				CE68E2D9358C529B784D53F4 /* Pods-GoodChoiceProject.debug.xcconfig */,
				B93BE9EFABB7B8045D8DF201 /* Pods-GoodChoiceProject.release.xcconfig */,
				E0FBCCB31AFAFA66BE617B45 /* Pods-GoodChoiceProject-GoodChoiceProjectUITests.debug.xcconfig */,
				E9C47D177C747459349A067D /* Pods-GoodChoiceProject-GoodChoiceProjectUITests.release.xcconfig */,
				0A1D48E01088475C1E21D2E6 /* Pods-GoodChoiceProjectTests.debug.xcconfig */,
				650B7F9A93BA5448F6598243 /* Pods-GoodChoiceProjectTests.release.xcconfig */,
			);
			path = Pods;
			sourceTree = "<group>";
		};
		5E299FD4278BAE760063021A = {
			isa = PBXGroup;
			children = (
				5E299FDF278BAE760063021A /* GoodChoiceProject */,
				5E299FF6278BAE790063021A /* GoodChoiceProjectTests */,
				5E29A000278BAE790063021A /* GoodChoiceProjectUITests */,
				5E299FDE278BAE760063021A /* Products */,
				012F3D6FDE231C30E4A02383 /* Pods */,
				DA88E8DD6FC767C1689A49A1 /* Frameworks */,
			);
			sourceTree = "<group>";
		};
		5E299FDE278BAE760063021A /* Products */ = {
			isa = PBXGroup;
			children = (
				5E299FDD278BAE760063021A /* GoodChoiceProject.app */,
				5E299FF3278BAE790063021A /* GoodChoiceProjectTests.xctest */,
				5E299FFD278BAE790063021A /* GoodChoiceProjectUITests.xctest */,
			);
			name = Products;
			sourceTree = "<group>";
		};
		5E299FDF278BAE760063021A /* GoodChoiceProject */ = {
			isa = PBXGroup;
			children = (
				5E89FF4E278D6A7300E02D4E /* Common */,
				5E29A01B278BB10B0063021A /* PropertyList */,
				5E29A026278BB10B0063021A /* BookmarkList */,
				5E29A015278BB10B0063021A /* PropertyDetail */,
				5E29A010278BB10B0063021A /* Util */,
				5E299FE0278BAE760063021A /* AppDelegate.swift */,
				5E299FE2278BAE760063021A /* SceneDelegate.swift */,
				5E299FE6278BAE760063021A /* Main.storyboard */,
				5E299FE9278BAE780063021A /* Assets.xcassets */,
				5E299FEB278BAE780063021A /* LaunchScreen.storyboard */,
				5E299FEE278BAE780063021A /* Info.plist */,
			);
			path = GoodChoiceProject;
			sourceTree = "<group>";
		};
		5E299FF6278BAE790063021A /* GoodChoiceProjectTests */ = {
			isa = PBXGroup;
			children = (
				5E299FF7278BAE790063021A /* GoodChoiceProjectTests.swift */,
			);
			path = GoodChoiceProjectTests;
			sourceTree = "<group>";
		};
		5E29A000278BAE790063021A /* GoodChoiceProjectUITests */ = {
			isa = PBXGroup;
			children = (
				5E29A001278BAE790063021A /* GoodChoiceProjectUITests.swift */,
				5E29A003278BAE790063021A /* GoodChoiceProjectUITestsLaunchTests.swift */,
			);
			path = GoodChoiceProjectUITests;
			sourceTree = "<group>";
		};
		5E29A010278BB10B0063021A /* Util */ = {
			isa = PBXGroup;
			children = (
				5E29A011278BB10B0063021A /* Bookmark */,
			);
			path = Util;
			sourceTree = "<group>";
		};
		5E29A011278BB10B0063021A /* Bookmark */ = {
			isa = PBXGroup;
			children = (
				5E89FF47278D43C800E02D4E /* Protocol */,
				5E89FF4F278D6A9300E02D4E /* Hotel+Bookmarkable.swift */,
				5E29A014278BB10B0063021A /* BookmarkManager.swift */,
			);
			path = Bookmark;
			sourceTree = "<group>";
		};
		5E29A015278BB10B0063021A /* PropertyDetail */ = {
			isa = PBXGroup;
			children = (
				5E29A018278BB10B0063021A /* View */,
			);
			path = PropertyDetail;
			sourceTree = "<group>";
		};
		5E29A018278BB10B0063021A /* View */ = {
			isa = PBXGroup;
			children = (
				5E29A019278BB10B0063021A /* HotelDetailViewController.swift */,
				5E29A01A278BB10B0063021A /* HotelDetailViewController.xib */,
			);
			path = View;
			sourceTree = "<group>";
		};
		5E29A01B278BB10B0063021A /* PropertyList */ = {
			isa = PBXGroup;
			children = (
				5E29A01C278BB10B0063021A /* ViewModel */,
				5E29A01E278BB10B0063021A /* Model */,
				5E29A021278BB10B0063021A /* View */,
			);
			path = PropertyList;
			sourceTree = "<group>";
		};
		5E29A01C278BB10B0063021A /* ViewModel */ = {
			isa = PBXGroup;
			children = (
				5E29A01D278BB10B0063021A /* PropertyListViewModel.swift */,
				5E89FF4C278D443D00E02D4E /* PropertyViewModel.swift */,
			);
			path = ViewModel;
			sourceTree = "<group>";
		};
		5E29A01E278BB10B0063021A /* Model */ = {
			isa = PBXGroup;
			children = (
				5E89FF46278D43B900E02D4E /* Protocol */,
				5E29A020278BB10B0063021A /* Hotel.swift */,
			);
			path = Model;
			sourceTree = "<group>";
		};
		5E29A021278BB10B0063021A /* View */ = {
			isa = PBXGroup;
			children = (
				5E29A022278BB10B0063021A /* AccommodationListViewController.swift */,
				5E89FF49278D43F500E02D4E /* Cell */,
			);
			path = View;
			sourceTree = "<group>";
		};
		5E29A026278BB10B0063021A /* BookmarkList */ = {
			isa = PBXGroup;
			children = (
				5E29A027278BB10B0063021A /* ViewModel */,
				5E29A029278BB10B0063021A /* Model */,
				5E29A02C278BB10B0063021A /* View */,
			);
			path = BookmarkList;
			sourceTree = "<group>";
		};
		5E29A027278BB10B0063021A /* ViewModel */ = {
			isa = PBXGroup;
			children = (
				5E29A028278BB10B0063021A /* BookmarkListViewModel.swift */,
			);
			path = ViewModel;
			sourceTree = "<group>";
		};
		5E29A029278BB10B0063021A /* Model */ = {
			isa = PBXGroup;
			children = (
				5E29A02A278BB10B0063021A /* HotelBookmark.swift */,
				5E29A02B278BB10B0063021A /* Bookmark.swift */,
			);
			path = Model;
			sourceTree = "<group>";
		};
		5E29A02C278BB10B0063021A /* View */ = {
			isa = PBXGroup;
			children = (
				5E29A02E278BB10B0063021A /* BookmarkListViewController.swift */,
				5E89FF48278D43E600E02D4E /* Cell */,
			);
			path = View;
			sourceTree = "<group>";
		};
		5E89FF46278D43B900E02D4E /* Protocol */ = {
			isa = PBXGroup;
			children = (
				5E29A01F278BB10B0063021A /* Accommodation.swift */,
			);
			path = Protocol;
			sourceTree = "<group>";
		};
		5E89FF47278D43C800E02D4E /* Protocol */ = {
			isa = PBXGroup;
			children = (
				5E29A013278BB10B0063021A /* Bookmarkable.swift */,
			);
			path = Protocol;
			sourceTree = "<group>";
		};
		5E89FF48278D43E600E02D4E /* Cell */ = {
			isa = PBXGroup;
			children = (
				5E29A02D278BB10B0063021A /* HotelBookmarkTableViewCell.swift */,
				5E29A02F278BB10B0063021A /* HotelBookmarkTableViewCell.xib */,
			);
			path = Cell;
			sourceTree = "<group>";
		};
		5E89FF49278D43F500E02D4E /* Cell */ = {
			isa = PBXGroup;
			children = (
				5E29A023278BB10B0063021A /* HotelPropertyListTableViewCell.swift */,
				5E29A024278BB10B0063021A /* HotelPropertyListTableViewCell.xib */,
			);
			path = Cell;
			sourceTree = "<group>";
		};
		5E89FF4E278D6A7300E02D4E /* Common */ = {
			isa = PBXGroup;
			children = (
				5E89FF51278D6B1000E02D4E /* URL+Util.swift */,
			);
			path = Common;
			sourceTree = "<group>";
		};
		DA88E8DD6FC767C1689A49A1 /* Frameworks */ = {
			isa = PBXGroup;
			children = (
				B7BB159E8A22DAF780469B8A /* Pods_GoodChoiceProject.framework */,
				42A7F88200168DFFEB273ED0 /* Pods_GoodChoiceProject_GoodChoiceProjectUITests.framework */,
				169691224B026515202286C0 /* Pods_GoodChoiceProjectTests.framework */,
			);
			name = Frameworks;
			sourceTree = "<group>";
		};
/* End PBXGroup section */

/* Begin PBXNativeTarget section */
		5E299FDC278BAE760063021A /* GoodChoiceProject */ = {
			isa = PBXNativeTarget;
			buildConfigurationList = 5E29A007278BAE790063021A /* Build configuration list for PBXNativeTarget "GoodChoiceProject" */;
			buildPhases = (
				A9AAC92FB8F1D06AE9FA770D /* [CP] Check Pods Manifest.lock */,
				5E299FD9278BAE760063021A /* Sources */,
				5E299FDA278BAE760063021A /* Frameworks */,
				5E299FDB278BAE760063021A /* Resources */,
				0F4EF75CDC133EF299D8FF37 /* [CP] Embed Pods Frameworks */,
			);
			buildRules = (
			);
			dependencies = (
			);
			name = GoodChoiceProject;
			productName = GoodChoiceProject;
			productReference = 5E299FDD278BAE760063021A /* GoodChoiceProject.app */;
			productType = "com.apple.product-type.application";
		};
		5E299FF2278BAE790063021A /* GoodChoiceProjectTests */ = {
			isa = PBXNativeTarget;
			buildConfigurationList = 5E29A00A278BAE790063021A /* Build configuration list for PBXNativeTarget "GoodChoiceProjectTests" */;
			buildPhases = (
				045F8DD19D49369F33E5DC2D /* [CP] Check Pods Manifest.lock */,
				5E299FEF278BAE790063021A /* Sources */,
				5E299FF0278BAE790063021A /* Frameworks */,
				5E299FF1278BAE790063021A /* Resources */,
				FB41E01BE55CA498C54B8A95 /* [CP] Embed Pods Frameworks */,
			);
			buildRules = (
			);
			dependencies = (
				5E299FF5278BAE790063021A /* PBXTargetDependency */,
			);
			name = GoodChoiceProjectTests;
			productName = GoodChoiceProjectTests;
			productReference = 5E299FF3278BAE790063021A /* GoodChoiceProjectTests.xctest */;
			productType = "com.apple.product-type.bundle.unit-test";
		};
		5E299FFC278BAE790063021A /* GoodChoiceProjectUITests */ = {
			isa = PBXNativeTarget;
			buildConfigurationList = 5E29A00D278BAE790063021A /* Build configuration list for PBXNativeTarget "GoodChoiceProjectUITests" */;
			buildPhases = (
				158417BE741D9A1EE0DF4379 /* [CP] Check Pods Manifest.lock */,
				5E299FF9278BAE790063021A /* Sources */,
				5E299FFA278BAE790063021A /* Frameworks */,
				5E299FFB278BAE790063021A /* Resources */,
				31E374617CD7D0BDB0F81187 /* [CP] Embed Pods Frameworks */,
			);
			buildRules = (
			);
			dependencies = (
				5E299FFF278BAE790063021A /* PBXTargetDependency */,
			);
			name = GoodChoiceProjectUITests;
			productName = GoodChoiceProjectUITests;
			productReference = 5E299FFD278BAE790063021A /* GoodChoiceProjectUITests.xctest */;
			productType = "com.apple.product-type.bundle.ui-testing";
		};
/* End PBXNativeTarget section */

/* Begin PBXProject section */
		5E299FD5278BAE760063021A /* Project object */ = {
			isa = PBXProject;
			attributes = {
				BuildIndependentTargetsInParallel = 1;
				LastSwiftUpdateCheck = 1300;
				LastUpgradeCheck = 1300;
				TargetAttributes = {
					5E299FDC278BAE760063021A = {
						CreatedOnToolsVersion = 13.0;
					};
					5E299FF2278BAE790063021A = {
						CreatedOnToolsVersion = 13.0;
						TestTargetID = 5E299FDC278BAE760063021A;
					};
					5E299FFC278BAE790063021A = {
						CreatedOnToolsVersion = 13.0;
						TestTargetID = 5E299FDC278BAE760063021A;
					};
				};
			};
			buildConfigurationList = 5E299FD8278BAE760063021A /* Build configuration list for PBXProject "GoodChoiceProject" */;
			compatibilityVersion = "Xcode 13.0";
			developmentRegion = en;
			hasScannedForEncodings = 0;
			knownRegions = (
				en,
				Base,
			);
			mainGroup = 5E299FD4278BAE760063021A;
			productRefGroup = 5E299FDE278BAE760063021A /* Products */;
			projectDirPath = "";
			projectRoot = "";
			targets = (
				5E299FDC278BAE760063021A /* GoodChoiceProject */,
				5E299FF2278BAE790063021A /* GoodChoiceProjectTests */,
				5E299FFC278BAE790063021A /* GoodChoiceProjectUITests */,
			);
		};
/* End PBXProject section */

/* Begin PBXResourcesBuildPhase section */
		5E299FDB278BAE760063021A /* Resources */ = {
			isa = PBXResourcesBuildPhase;
			buildActionMask = 2147483647;
			files = (
				5E29A033278BB10B0063021A /* HotelDetailViewController.xib in Resources */,
				5E299FED278BAE780063021A /* LaunchScreen.storyboard in Resources */,
				5E29A039278BB10B0063021A /* HotelPropertyListTableViewCell.xib in Resources */,
				5E299FEA278BAE780063021A /* Assets.xcassets in Resources */,
				5E299FE8278BAE760063021A /* Main.storyboard in Resources */,
				5E29A040278BB10B0063021A /* HotelBookmarkTableViewCell.xib in Resources */,
			);
			runOnlyForDeploymentPostprocessing = 0;
		};
		5E299FF1278BAE790063021A /* Resources */ = {
			isa = PBXResourcesBuildPhase;
			buildActionMask = 2147483647;
			files = (
			);
			runOnlyForDeploymentPostprocessing = 0;
		};
		5E299FFB278BAE790063021A /* Resources */ = {
			isa = PBXResourcesBuildPhase;
			buildActionMask = 2147483647;
			files = (
			);
			runOnlyForDeploymentPostprocessing = 0;
		};
/* End PBXResourcesBuildPhase section */

/* Begin PBXShellScriptBuildPhase section */
		045F8DD19D49369F33E5DC2D /* [CP] Check Pods Manifest.lock */ = {
			isa = PBXShellScriptBuildPhase;
			buildActionMask = 2147483647;
			files = (
			);
			inputFileListPaths = (
			);
			inputPaths = (
				"${PODS_PODFILE_DIR_PATH}/Podfile.lock",
				"${PODS_ROOT}/Manifest.lock",
			);
			name = "[CP] Check Pods Manifest.lock";
			outputFileListPaths = (
			);
			outputPaths = (
				"$(DERIVED_FILE_DIR)/Pods-GoodChoiceProjectTests-checkManifestLockResult.txt",
			);
			runOnlyForDeploymentPostprocessing = 0;
			shellPath = /bin/sh;
			shellScript = "diff \"${PODS_PODFILE_DIR_PATH}/Podfile.lock\" \"${PODS_ROOT}/Manifest.lock\" > /dev/null\nif [ $? != 0 ] ; then\n    # print error to STDERR\n    echo \"error: The sandbox is not in sync with the Podfile.lock. Run 'pod install' or update your CocoaPods installation.\" >&2\n    exit 1\nfi\n# This output is used by Xcode 'outputs' to avoid re-running this script phase.\necho \"SUCCESS\" > \"${SCRIPT_OUTPUT_FILE_0}\"\n";
			showEnvVarsInLog = 0;
		};
		0F4EF75CDC133EF299D8FF37 /* [CP] Embed Pods Frameworks */ = {
			isa = PBXShellScriptBuildPhase;
			buildActionMask = 2147483647;
			files = (
			);
			inputFileListPaths = (
				"${PODS_ROOT}/Target Support Files/Pods-GoodChoiceProject/Pods-GoodChoiceProject-frameworks-${CONFIGURATION}-input-files.xcfilelist",
			);
			name = "[CP] Embed Pods Frameworks";
			outputFileListPaths = (
				"${PODS_ROOT}/Target Support Files/Pods-GoodChoiceProject/Pods-GoodChoiceProject-frameworks-${CONFIGURATION}-output-files.xcfilelist",
			);
			runOnlyForDeploymentPostprocessing = 0;
			shellPath = /bin/sh;
			shellScript = "\"${PODS_ROOT}/Target Support Files/Pods-GoodChoiceProject/Pods-GoodChoiceProject-frameworks.sh\"\n";
			showEnvVarsInLog = 0;
		};
		158417BE741D9A1EE0DF4379 /* [CP] Check Pods Manifest.lock */ = {
			isa = PBXShellScriptBuildPhase;
			buildActionMask = 2147483647;
			files = (
			);
			inputFileListPaths = (
			);
			inputPaths = (
				"${PODS_PODFILE_DIR_PATH}/Podfile.lock",
				"${PODS_ROOT}/Manifest.lock",
			);
			name = "[CP] Check Pods Manifest.lock";
			outputFileListPaths = (
			);
			outputPaths = (
				"$(DERIVED_FILE_DIR)/Pods-GoodChoiceProject-GoodChoiceProjectUITests-checkManifestLockResult.txt",
			);
			runOnlyForDeploymentPostprocessing = 0;
			shellPath = /bin/sh;
			shellScript = "diff \"${PODS_PODFILE_DIR_PATH}/Podfile.lock\" \"${PODS_ROOT}/Manifest.lock\" > /dev/null\nif [ $? != 0 ] ; then\n    # print error to STDERR\n    echo \"error: The sandbox is not in sync with the Podfile.lock. Run 'pod install' or update your CocoaPods installation.\" >&2\n    exit 1\nfi\n# This output is used by Xcode 'outputs' to avoid re-running this script phase.\necho \"SUCCESS\" > \"${SCRIPT_OUTPUT_FILE_0}\"\n";
			showEnvVarsInLog = 0;
		};
		31E374617CD7D0BDB0F81187 /* [CP] Embed Pods Frameworks */ = {
			isa = PBXShellScriptBuildPhase;
			buildActionMask = 2147483647;
			files = (
			);
			inputFileListPaths = (
				"${PODS_ROOT}/Target Support Files/Pods-GoodChoiceProject-GoodChoiceProjectUITests/Pods-GoodChoiceProject-GoodChoiceProjectUITests-frameworks-${CONFIGURATION}-input-files.xcfilelist",
			);
			name = "[CP] Embed Pods Frameworks";
			outputFileListPaths = (
				"${PODS_ROOT}/Target Support Files/Pods-GoodChoiceProject-GoodChoiceProjectUITests/Pods-GoodChoiceProject-GoodChoiceProjectUITests-frameworks-${CONFIGURATION}-output-files.xcfilelist",
			);
			runOnlyForDeploymentPostprocessing = 0;
			shellPath = /bin/sh;
			shellScript = "\"${PODS_ROOT}/Target Support Files/Pods-GoodChoiceProject-GoodChoiceProjectUITests/Pods-GoodChoiceProject-GoodChoiceProjectUITests-frameworks.sh\"\n";
			showEnvVarsInLog = 0;
		};
		A9AAC92FB8F1D06AE9FA770D /* [CP] Check Pods Manifest.lock */ = {
			isa = PBXShellScriptBuildPhase;
			buildActionMask = 2147483647;
			files = (
			);
			inputFileListPaths = (
			);
			inputPaths = (
				"${PODS_PODFILE_DIR_PATH}/Podfile.lock",
				"${PODS_ROOT}/Manifest.lock",
			);
			name = "[CP] Check Pods Manifest.lock";
			outputFileListPaths = (
			);
			outputPaths = (
				"$(DERIVED_FILE_DIR)/Pods-GoodChoiceProject-checkManifestLockResult.txt",
			);
			runOnlyForDeploymentPostprocessing = 0;
			shellPath = /bin/sh;
			shellScript = "diff \"${PODS_PODFILE_DIR_PATH}/Podfile.lock\" \"${PODS_ROOT}/Manifest.lock\" > /dev/null\nif [ $? != 0 ] ; then\n    # print error to STDERR\n    echo \"error: The sandbox is not in sync with the Podfile.lock. Run 'pod install' or update your CocoaPods installation.\" >&2\n    exit 1\nfi\n# This output is used by Xcode 'outputs' to avoid re-running this script phase.\necho \"SUCCESS\" > \"${SCRIPT_OUTPUT_FILE_0}\"\n";
			showEnvVarsInLog = 0;
		};
		FB41E01BE55CA498C54B8A95 /* [CP] Embed Pods Frameworks */ = {
			isa = PBXShellScriptBuildPhase;
			buildActionMask = 2147483647;
			files = (
			);
			inputFileListPaths = (
				"${PODS_ROOT}/Target Support Files/Pods-GoodChoiceProjectTests/Pods-GoodChoiceProjectTests-frameworks-${CONFIGURATION}-input-files.xcfilelist",
			);
			name = "[CP] Embed Pods Frameworks";
			outputFileListPaths = (
				"${PODS_ROOT}/Target Support Files/Pods-GoodChoiceProjectTests/Pods-GoodChoiceProjectTests-frameworks-${CONFIGURATION}-output-files.xcfilelist",
			);
			runOnlyForDeploymentPostprocessing = 0;
			shellPath = /bin/sh;
			shellScript = "\"${PODS_ROOT}/Target Support Files/Pods-GoodChoiceProjectTests/Pods-GoodChoiceProjectTests-frameworks.sh\"\n";
			showEnvVarsInLog = 0;
		};
/* End PBXShellScriptBuildPhase section */

/* Begin PBXSourcesBuildPhase section */
		5E299FD9278BAE760063021A /* Sources */ = {
			isa = PBXSourcesBuildPhase;
			buildActionMask = 2147483647;
			files = (
				5E29A037278BB10B0063021A /* AccommodationListViewController.swift in Sources */,
				5E29A032278BB10B0063021A /* HotelDetailViewController.swift in Sources */,
				5E89FF50278D6A9300E02D4E /* Hotel+Bookmarkable.swift in Sources */,
				5E299FE1278BAE760063021A /* AppDelegate.swift in Sources */,
				5E89FF4D278D443D00E02D4E /* PropertyViewModel.swift in Sources */,
				5E29A03C278BB10B0063021A /* HotelBookmark.swift in Sources */,
				5E29A03D278BB10B0063021A /* Bookmark.swift in Sources */,
				5E29A036278BB10B0063021A /* Hotel.swift in Sources */,
				5E29A03B278BB10B0063021A /* BookmarkListViewModel.swift in Sources */,
				5E29A031278BB10B0063021A /* BookmarkManager.swift in Sources */,
				5E29A034278BB10B0063021A /* PropertyListViewModel.swift in Sources */,
				5E299FE3278BAE760063021A /* SceneDelegate.swift in Sources */,
				5E29A035278BB10B0063021A /* Accommodation.swift in Sources */,
				5E89FF52278D6B1000E02D4E /* URL+Util.swift in Sources */,
				5E29A030278BB10B0063021A /* Bookmarkable.swift in Sources */,
				5E29A038278BB10B0063021A /* HotelPropertyListTableViewCell.swift in Sources */,
				5E29A03E278BB10B0063021A /* HotelBookmarkTableViewCell.swift in Sources */,
				5E29A03F278BB10B0063021A /* BookmarkListViewController.swift in Sources */,
			);
			runOnlyForDeploymentPostprocessing = 0;
		};
		5E299FEF278BAE790063021A /* Sources */ = {
			isa = PBXSourcesBuildPhase;
			buildActionMask = 2147483647;
			files = (
				5E299FF8278BAE790063021A /* GoodChoiceProjectTests.swift in Sources */,
			);
			runOnlyForDeploymentPostprocessing = 0;
		};
		5E299FF9278BAE790063021A /* Sources */ = {
			isa = PBXSourcesBuildPhase;
			buildActionMask = 2147483647;
			files = (
				5E29A004278BAE790063021A /* GoodChoiceProjectUITestsLaunchTests.swift in Sources */,
				5E29A002278BAE790063021A /* GoodChoiceProjectUITests.swift in Sources */,
			);
			runOnlyForDeploymentPostprocessing = 0;
		};
/* End PBXSourcesBuildPhase section */

/* Begin PBXTargetDependency section */
		5E299FF5278BAE790063021A /* PBXTargetDependency */ = {
			isa = PBXTargetDependency;
			target = 5E299FDC278BAE760063021A /* GoodChoiceProject */;
			targetProxy = 5E299FF4278BAE790063021A /* PBXContainerItemProxy */;
		};
		5E299FFF278BAE790063021A /* PBXTargetDependency */ = {
			isa = PBXTargetDependency;
			target = 5E299FDC278BAE760063021A /* GoodChoiceProject */;
			targetProxy = 5E299FFE278BAE790063021A /* PBXContainerItemProxy */;
		};
/* End PBXTargetDependency section */

/* Begin PBXVariantGroup section */
		5E299FE6278BAE760063021A /* Main.storyboard */ = {
			isa = PBXVariantGroup;
			children = (
				5E299FE7278BAE760063021A /* Base */,
			);
			name = Main.storyboard;
			sourceTree = "<group>";
		};
		5E299FEB278BAE780063021A /* LaunchScreen.storyboard */ = {
			isa = PBXVariantGroup;
			children = (
				5E299FEC278BAE780063021A /* Base */,
			);
			name = LaunchScreen.storyboard;
			sourceTree = "<group>";
		};
/* End PBXVariantGroup section */

/* Begin XCBuildConfiguration section */
		5E29A005278BAE790063021A /* Debug */ = {
			isa = XCBuildConfiguration;
			buildSettings = {
				ALWAYS_SEARCH_USER_PATHS = NO;
				CLANG_ANALYZER_NONNULL = YES;
				CLANG_ANALYZER_NUMBER_OBJECT_CONVERSION = YES_AGGRESSIVE;
				CLANG_CXX_LANGUAGE_STANDARD = "gnu++17";
				CLANG_CXX_LIBRARY = "libc++";
				CLANG_ENABLE_MODULES = YES;
				CLANG_ENABLE_OBJC_ARC = YES;
				CLANG_ENABLE_OBJC_WEAK = YES;
				CLANG_WARN_BLOCK_CAPTURE_AUTORELEASING = YES;
				CLANG_WARN_BOOL_CONVERSION = YES;
				CLANG_WARN_COMMA = YES;
				CLANG_WARN_CONSTANT_CONVERSION = YES;
				CLANG_WARN_DEPRECATED_OBJC_IMPLEMENTATIONS = YES;
				CLANG_WARN_DIRECT_OBJC_ISA_USAGE = YES_ERROR;
				CLANG_WARN_DOCUMENTATION_COMMENTS = YES;
				CLANG_WARN_EMPTY_BODY = YES;
				CLANG_WARN_ENUM_CONVERSION = YES;
				CLANG_WARN_INFINITE_RECURSION = YES;
				CLANG_WARN_INT_CONVERSION = YES;
				CLANG_WARN_NON_LITERAL_NULL_CONVERSION = YES;
				CLANG_WARN_OBJC_IMPLICIT_RETAIN_SELF = YES;
				CLANG_WARN_OBJC_LITERAL_CONVERSION = YES;
				CLANG_WARN_OBJC_ROOT_CLASS = YES_ERROR;
				CLANG_WARN_QUOTED_INCLUDE_IN_FRAMEWORK_HEADER = YES;
				CLANG_WARN_RANGE_LOOP_ANALYSIS = YES;
				CLANG_WARN_STRICT_PROTOTYPES = YES;
				CLANG_WARN_SUSPICIOUS_MOVE = YES;
				CLANG_WARN_UNGUARDED_AVAILABILITY = YES_AGGRESSIVE;
				CLANG_WARN_UNREACHABLE_CODE = YES;
				CLANG_WARN__DUPLICATE_METHOD_MATCH = YES;
				COPY_PHASE_STRIP = NO;
				DEBUG_INFORMATION_FORMAT = dwarf;
				ENABLE_STRICT_OBJC_MSGSEND = YES;
				ENABLE_TESTABILITY = YES;
				GCC_C_LANGUAGE_STANDARD = gnu11;
				GCC_DYNAMIC_NO_PIC = NO;
				GCC_NO_COMMON_BLOCKS = YES;
				GCC_OPTIMIZATION_LEVEL = 0;
				GCC_PREPROCESSOR_DEFINITIONS = (
					"DEBUG=1",
					"$(inherited)",
				);
				GCC_WARN_64_TO_32_BIT_CONVERSION = YES;
				GCC_WARN_ABOUT_RETURN_TYPE = YES_ERROR;
				GCC_WARN_UNDECLARED_SELECTOR = YES;
				GCC_WARN_UNINITIALIZED_AUTOS = YES_AGGRESSIVE;
				GCC_WARN_UNUSED_FUNCTION = YES;
				GCC_WARN_UNUSED_VARIABLE = YES;
				IPHONEOS_DEPLOYMENT_TARGET = 15.0;
				MTL_ENABLE_DEBUG_INFO = INCLUDE_SOURCE;
				MTL_FAST_MATH = YES;
				ONLY_ACTIVE_ARCH = YES;
				SDKROOT = iphoneos;
				SWIFT_ACTIVE_COMPILATION_CONDITIONS = DEBUG;
				SWIFT_OPTIMIZATION_LEVEL = "-Onone";
			};
			name = Debug;
		};
		5E29A006278BAE790063021A /* Release */ = {
			isa = XCBuildConfiguration;
			buildSettings = {
				ALWAYS_SEARCH_USER_PATHS = NO;
				CLANG_ANALYZER_NONNULL = YES;
				CLANG_ANALYZER_NUMBER_OBJECT_CONVERSION = YES_AGGRESSIVE;
				CLANG_CXX_LANGUAGE_STANDARD = "gnu++17";
				CLANG_CXX_LIBRARY = "libc++";
				CLANG_ENABLE_MODULES = YES;
				CLANG_ENABLE_OBJC_ARC = YES;
				CLANG_ENABLE_OBJC_WEAK = YES;
				CLANG_WARN_BLOCK_CAPTURE_AUTORELEASING = YES;
				CLANG_WARN_BOOL_CONVERSION = YES;
				CLANG_WARN_COMMA = YES;
				CLANG_WARN_CONSTANT_CONVERSION = YES;
				CLANG_WARN_DEPRECATED_OBJC_IMPLEMENTATIONS = YES;
				CLANG_WARN_DIRECT_OBJC_ISA_USAGE = YES_ERROR;
				CLANG_WARN_DOCUMENTATION_COMMENTS = YES;
				CLANG_WARN_EMPTY_BODY = YES;
				CLANG_WARN_ENUM_CONVERSION = YES;
				CLANG_WARN_INFINITE_RECURSION = YES;
				CLANG_WARN_INT_CONVERSION = YES;
				CLANG_WARN_NON_LITERAL_NULL_CONVERSION = YES;
				CLANG_WARN_OBJC_IMPLICIT_RETAIN_SELF = YES;
				CLANG_WARN_OBJC_LITERAL_CONVERSION = YES;
				CLANG_WARN_OBJC_ROOT_CLASS = YES_ERROR;
				CLANG_WARN_QUOTED_INCLUDE_IN_FRAMEWORK_HEADER = YES;
				CLANG_WARN_RANGE_LOOP_ANALYSIS = YES;
				CLANG_WARN_STRICT_PROTOTYPES = YES;
				CLANG_WARN_SUSPICIOUS_MOVE = YES;
				CLANG_WARN_UNGUARDED_AVAILABILITY = YES_AGGRESSIVE;
				CLANG_WARN_UNREACHABLE_CODE = YES;
				CLANG_WARN__DUPLICATE_METHOD_MATCH = YES;
				COPY_PHASE_STRIP = NO;
				DEBUG_INFORMATION_FORMAT = "dwarf-with-dsym";
				ENABLE_NS_ASSERTIONS = NO;
				ENABLE_STRICT_OBJC_MSGSEND = YES;
				GCC_C_LANGUAGE_STANDARD = gnu11;
				GCC_NO_COMMON_BLOCKS = YES;
				GCC_WARN_64_TO_32_BIT_CONVERSION = YES;
				GCC_WARN_ABOUT_RETURN_TYPE = YES_ERROR;
				GCC_WARN_UNDECLARED_SELECTOR = YES;
				GCC_WARN_UNINITIALIZED_AUTOS = YES_AGGRESSIVE;
				GCC_WARN_UNUSED_FUNCTION = YES;
				GCC_WARN_UNUSED_VARIABLE = YES;
				IPHONEOS_DEPLOYMENT_TARGET = 15.0;
				MTL_ENABLE_DEBUG_INFO = NO;
				MTL_FAST_MATH = YES;
				SDKROOT = iphoneos;
				SWIFT_COMPILATION_MODE = wholemodule;
				SWIFT_OPTIMIZATION_LEVEL = "-O";
				VALIDATE_PRODUCT = YES;
			};
			name = Release;
		};
		5E29A008278BAE790063021A /* Debug */ = {
			isa = XCBuildConfiguration;
			baseConfigurationReference = CE68E2D9358C529B784D53F4 /* Pods-GoodChoiceProject.debug.xcconfig */;
			buildSettings = {
				ASSETCATALOG_COMPILER_APPICON_NAME = AppIcon;
				ASSETCATALOG_COMPILER_GLOBAL_ACCENT_COLOR_NAME = AccentColor;
				CODE_SIGN_STYLE = Automatic;
				CURRENT_PROJECT_VERSION = 1;
				DEVELOPMENT_TEAM = G7QB783GAN;
				GENERATE_INFOPLIST_FILE = YES;
				INFOPLIST_FILE = GoodChoiceProject/Info.plist;
				INFOPLIST_KEY_UIApplicationSupportsIndirectInputEvents = YES;
				INFOPLIST_KEY_UILaunchStoryboardName = LaunchScreen;
				INFOPLIST_KEY_UIMainStoryboardFile = Main;
				INFOPLIST_KEY_UISupportedInterfaceOrientations_iPad = "UIInterfaceOrientationPortrait UIInterfaceOrientationPortraitUpsideDown UIInterfaceOrientationLandscapeLeft UIInterfaceOrientationLandscapeRight";
				INFOPLIST_KEY_UISupportedInterfaceOrientations_iPhone = "UIInterfaceOrientationPortrait UIInterfaceOrientationLandscapeLeft UIInterfaceOrientationLandscapeRight";
				IPHONEOS_DEPLOYMENT_TARGET = 12.0;
				LD_RUNPATH_SEARCH_PATHS = (
					"$(inherited)",
					"@executable_path/Frameworks",
				);
				MARKETING_VERSION = 1.0;
				PRODUCT_BUNDLE_IDENTIFIER = com.ieun.GoodChoiceProject;
				PRODUCT_NAME = "$(TARGET_NAME)";
				SWIFT_EMIT_LOC_STRINGS = YES;
				SWIFT_VERSION = 5.0;
				TARGETED_DEVICE_FAMILY = "1,2";
			};
			name = Debug;
		};
		5E29A009278BAE790063021A /* Release */ = {
			isa = XCBuildConfiguration;
			baseConfigurationReference = B93BE9EFABB7B8045D8DF201 /* Pods-GoodChoiceProject.release.xcconfig */;
			buildSettings = {
				ASSETCATALOG_COMPILER_APPICON_NAME = AppIcon;
				ASSETCATALOG_COMPILER_GLOBAL_ACCENT_COLOR_NAME = AccentColor;
				CODE_SIGN_STYLE = Automatic;
				CURRENT_PROJECT_VERSION = 1;
				DEVELOPMENT_TEAM = G7QB783GAN;
				GENERATE_INFOPLIST_FILE = YES;
				INFOPLIST_FILE = GoodChoiceProject/Info.plist;
				INFOPLIST_KEY_UIApplicationSupportsIndirectInputEvents = YES;
				INFOPLIST_KEY_UILaunchStoryboardName = LaunchScreen;
				INFOPLIST_KEY_UIMainStoryboardFile = Main;
				INFOPLIST_KEY_UISupportedInterfaceOrientations_iPad = "UIInterfaceOrientationPortrait UIInterfaceOrientationPortraitUpsideDown UIInterfaceOrientationLandscapeLeft UIInterfaceOrientationLandscapeRight";
				INFOPLIST_KEY_UISupportedInterfaceOrientations_iPhone = "UIInterfaceOrientationPortrait UIInterfaceOrientationLandscapeLeft UIInterfaceOrientationLandscapeRight";
				IPHONEOS_DEPLOYMENT_TARGET = 12.0;
				LD_RUNPATH_SEARCH_PATHS = (
					"$(inherited)",
					"@executable_path/Frameworks",
				);
				MARKETING_VERSION = 1.0;
				PRODUCT_BUNDLE_IDENTIFIER = com.ieun.GoodChoiceProject;
				PRODUCT_NAME = "$(TARGET_NAME)";
				SWIFT_EMIT_LOC_STRINGS = YES;
				SWIFT_VERSION = 5.0;
				TARGETED_DEVICE_FAMILY = "1,2";
			};
			name = Release;
		};
		5E29A00B278BAE790063021A /* Debug */ = {
			isa = XCBuildConfiguration;
			baseConfigurationReference = 0A1D48E01088475C1E21D2E6 /* Pods-GoodChoiceProjectTests.debug.xcconfig */;
			buildSettings = {
				ALWAYS_EMBED_SWIFT_STANDARD_LIBRARIES = YES;
				BUNDLE_LOADER = "$(TEST_HOST)";
				CODE_SIGN_STYLE = Automatic;
				CURRENT_PROJECT_VERSION = 1;
				DEVELOPMENT_TEAM = G7QB783GAN;
				GENERATE_INFOPLIST_FILE = YES;
				IPHONEOS_DEPLOYMENT_TARGET = 15.0;
				LD_RUNPATH_SEARCH_PATHS = (
					"$(inherited)",
					"@executable_path/Frameworks",
					"@loader_path/Frameworks",
				);
				MARKETING_VERSION = 1.0;
				PRODUCT_BUNDLE_IDENTIFIER = com.ieun.GoodChoiceProjectTests;
				PRODUCT_NAME = "$(TARGET_NAME)";
				SWIFT_EMIT_LOC_STRINGS = NO;
				SWIFT_VERSION = 5.0;
				TARGETED_DEVICE_FAMILY = "1,2";
				TEST_HOST = "$(BUILT_PRODUCTS_DIR)/GoodChoiceProject.app/GoodChoiceProject";
			};
			name = Debug;
		};
		5E29A00C278BAE790063021A /* Release */ = {
			isa = XCBuildConfiguration;
			baseConfigurationReference = 650B7F9A93BA5448F6598243 /* Pods-GoodChoiceProjectTests.release.xcconfig */;
			buildSettings = {
				ALWAYS_EMBED_SWIFT_STANDARD_LIBRARIES = YES;
				BUNDLE_LOADER = "$(TEST_HOST)";
				CODE_SIGN_STYLE = Automatic;
				CURRENT_PROJECT_VERSION = 1;
				DEVELOPMENT_TEAM = G7QB783GAN;
				GENERATE_INFOPLIST_FILE = YES;
				IPHONEOS_DEPLOYMENT_TARGET = 15.0;
				LD_RUNPATH_SEARCH_PATHS = (
					"$(inherited)",
					"@executable_path/Frameworks",
					"@loader_path/Frameworks",
				);
				MARKETING_VERSION = 1.0;
				PRODUCT_BUNDLE_IDENTIFIER = com.ieun.GoodChoiceProjectTests;
				PRODUCT_NAME = "$(TARGET_NAME)";
				SWIFT_EMIT_LOC_STRINGS = NO;
				SWIFT_VERSION = 5.0;
				TARGETED_DEVICE_FAMILY = "1,2";
				TEST_HOST = "$(BUILT_PRODUCTS_DIR)/GoodChoiceProject.app/GoodChoiceProject";
			};
			name = Release;
		};
		5E29A00E278BAE790063021A /* Debug */ = {
			isa = XCBuildConfiguration;
			baseConfigurationReference = E0FBCCB31AFAFA66BE617B45 /* Pods-GoodChoiceProject-GoodChoiceProjectUITests.debug.xcconfig */;
			buildSettings = {
				ALWAYS_EMBED_SWIFT_STANDARD_LIBRARIES = YES;
				CODE_SIGN_STYLE = Automatic;
				CURRENT_PROJECT_VERSION = 1;
				DEVELOPMENT_TEAM = G7QB783GAN;
				GENERATE_INFOPLIST_FILE = YES;
				LD_RUNPATH_SEARCH_PATHS = (
					"$(inherited)",
					"@executable_path/Frameworks",
					"@loader_path/Frameworks",
				);
				MARKETING_VERSION = 1.0;
				PRODUCT_BUNDLE_IDENTIFIER = com.ieun.GoodChoiceProjectUITests;
				PRODUCT_NAME = "$(TARGET_NAME)";
				SWIFT_EMIT_LOC_STRINGS = NO;
				SWIFT_VERSION = 5.0;
				TARGETED_DEVICE_FAMILY = "1,2";
				TEST_TARGET_NAME = GoodChoiceProject;
			};
			name = Debug;
		};
		5E29A00F278BAE790063021A /* Release */ = {
			isa = XCBuildConfiguration;
			baseConfigurationReference = E9C47D177C747459349A067D /* Pods-GoodChoiceProject-GoodChoiceProjectUITests.release.xcconfig */;
			buildSettings = {
				ALWAYS_EMBED_SWIFT_STANDARD_LIBRARIES = YES;
				CODE_SIGN_STYLE = Automatic;
				CURRENT_PROJECT_VERSION = 1;
				DEVELOPMENT_TEAM = G7QB783GAN;
				GENERATE_INFOPLIST_FILE = YES;
				LD_RUNPATH_SEARCH_PATHS = (
					"$(inherited)",
					"@executable_path/Frameworks",
					"@loader_path/Frameworks",
				);
				MARKETING_VERSION = 1.0;
				PRODUCT_BUNDLE_IDENTIFIER = com.ieun.GoodChoiceProjectUITests;
				PRODUCT_NAME = "$(TARGET_NAME)";
				SWIFT_EMIT_LOC_STRINGS = NO;
				SWIFT_VERSION = 5.0;
				TARGETED_DEVICE_FAMILY = "1,2";
				TEST_TARGET_NAME = GoodChoiceProject;
			};
			name = Release;
		};
/* End XCBuildConfiguration section */

/* Begin XCConfigurationList section */
		5E299FD8278BAE760063021A /* Build configuration list for PBXProject "GoodChoiceProject" */ = {
			isa = XCConfigurationList;
			buildConfigurations = (
				5E29A005278BAE790063021A /* Debug */,
				5E29A006278BAE790063021A /* Release */,
			);
			defaultConfigurationIsVisible = 0;
			defaultConfigurationName = Release;
		};
		5E29A007278BAE790063021A /* Build configuration list for PBXNativeTarget "GoodChoiceProject" */ = {
			isa = XCConfigurationList;
			buildConfigurations = (
				5E29A008278BAE790063021A /* Debug */,
				5E29A009278BAE790063021A /* Release */,
			);
			defaultConfigurationIsVisible = 0;
			defaultConfigurationName = Release;
		};
		5E29A00A278BAE790063021A /* Build configuration list for PBXNativeTarget "GoodChoiceProjectTests" */ = {
			isa = XCConfigurationList;
			buildConfigurations = (
				5E29A00B278BAE790063021A /* Debug */,
				5E29A00C278BAE790063021A /* Release */,
			);
			defaultConfigurationIsVisible = 0;
			defaultConfigurationName = Release;
		};
		5E29A00D278BAE790063021A /* Build configuration list for PBXNativeTarget "GoodChoiceProjectUITests" */ = {
			isa = XCConfigurationList;
			buildConfigurations = (
				5E29A00E278BAE790063021A /* Debug */,
				5E29A00F278BAE790063021A /* Release */,
			);
			defaultConfigurationIsVisible = 0;
			defaultConfigurationName = Release;
		};
/* End XCConfigurationList section */
	};
	rootObject = 5E299FD5278BAE760063021A /* Project object */;
}
